<?xml version="1.0" encoding="utf-8"?>
<Project ToolsVersion="4.0" xmlns="http://schemas.microsoft.com/developer/msbuild/2003">
  <ItemGroup>
    <Filter Include="Source Files">
      <UniqueIdentifier>{4FC737F1-C7A5-4376-A066-2A32D752A2FF}</UniqueIdentifier>
      <Extensions>cpp;c;cc;cxx;c++;cppm;ixx;def;odl;idl;hpj;bat;asm;asmx</Extensions>
    </Filter>
    <Filter Include="Header Files">
      <UniqueIdentifier>{93995380-89BD-4b04-88EB-625FBE52EBFB}</UniqueIdentifier>
      <Extensions>h;hh;hpp;hxx;h++;hm;inl;inc;ipp;xsd</Extensions>
    </Filter>
    <Filter Include="Resource Files">
      <UniqueIdentifier>{67DA6AB6-F800-4c08-8B7A-83BB121AAD01}</UniqueIdentifier>
      <Extensions>rc;ico;cur;bmp;dlg;rc2;rct;bin;rgs;gif;jpg;jpeg;jpe;resx;tiff;tif;png;wav;mfcribbon-ms</Extensions>
    </Filter>
    <Filter Include="BVH">
      <UniqueIdentifier>{66a5ffc3-8bdf-44e3-9166-622c760d7df7}</UniqueIdentifier>
    </Filter>
    <Filter Include="Common">
      <UniqueIdentifier>{0af8c133-1bf9-44d0-b5b0-90b14a582264}</UniqueIdentifier>
    </Filter>
    <Filter Include="Common\Math">
      <UniqueIdentifier>{bc40d0a1-7480-4512-9f72-4849cbdb6cc9}</UniqueIdentifier>
    </Filter>
  </ItemGroup>
  <ItemGroup>
    <ClCompile Include="main.cpp">
      <Filter>Source Files</Filter>
    </ClCompile>
    <ClCompile Include="KdTree.cpp">
      <Filter>BVH</Filter>
    </ClCompile>
    <ClCompile Include="Math\float4x4.cpp">
      <Filter>Common\Math</Filter>
    </ClCompile>
    <ClCompile Include="Math\Plane.cpp">
      <Filter>Common\Math</Filter>
    </ClCompile>
    <ClCompile Include="Math\quat.cpp">
      <Filter>Common\Math</Filter>
    </ClCompile>
    <ClCompile Include="Math\float2.cpp">
      <Filter>Common\Math</Filter>
    </ClCompile>
    <ClCompile Include="Math\float3.cpp">
      <Filter>Common\Math</Filter>
    </ClCompile>
    <ClCompile Include="Math\float4.cpp">
      <Filter>Common\Math</Filter>
    </ClCompile>
    <ClCompile Include="Common\Color.cpp">
      <Filter>Common</Filter>
    </ClCompile>
    <ClCompile Include="Common\Half.cpp">
      <Filter>Common</Filter>
    </ClCompile>
    <ClCompile Include="Common\BasicGeometryGenerator.cpp">
      <Filter>Common</Filter>
    </ClCompile>
  </ItemGroup>
  <ItemGroup>
    <ClInclude Include="KdTree.h">
      <Filter>BVH</Filter>
    </ClInclude>
    <ClInclude Include="Math\EngineMath.h">
      <Filter>Common\Math</Filter>
    </ClInclude>
    <ClInclude Include="Math\float4x4.h">
      <Filter>Common\Math</Filter>
    </ClInclude>
    <ClInclude Include="Math\Plane.h">
      <Filter>Common\Math</Filter>
    </ClInclude>
    <ClInclude Include="Math\quat.h">
      <Filter>Common\Math</Filter>
    </ClInclude>
    <ClInclude Include="Math\float2.h">
      <Filter>Common\Math</Filter>
    </ClInclude>
    <ClInclude Include="Math\float3.h">
      <Filter>Common\Math</Filter>
    </ClInclude>
    <ClInclude Include="Math\float4.h">
      <Filter>Common\Math</Filter>
    </ClInclude>
    <ClInclude Include="Common\Color.h">
      <Filter>Common</Filter>
    </ClInclude>
    <ClInclude Include="Common\Common.h">
      <Filter>Common</Filter>
    </ClInclude>
    <ClInclude Include="Common\Half.h">
      <Filter>Common</Filter>
    </ClInclude>
    <ClInclude Include="Common\Rect.h">
      <Filter>Common</Filter>
    </ClInclude>
    <ClInclude Include="Common\Utility.hpp">
      <Filter>Common</Filter>
    </ClInclude>
    <ClInclude Include="Common\BasicGeometryGenerator.h">
      <Filter>Common</Filter>
    </ClInclude>
  </ItemGroup>
  <ItemGroup>
    <Natvis Include="NatvisFile.natvis">
      <Filter>BVH</Filter>
    </Natvis>
  </ItemGroup>
</Project>